
Microsoft Visual Studio Solution File, Format Version 12.00
# Visual Studio Version 16
VisualStudioVersion = 16.0.29613.14
MinimumVisualStudioVersion = 10.0.40219.1
Project("{9A19103F-16F7-4668-BE54-9A1E7A4F7556}") = "WeSafe.DAL.Entities", "WeSafe.DAL.Entities\WeSafe.DAL.Entities.csproj", "{B7CF9909-8F02-463C-9A07-5ECE64C954F7}"
EndProject
Project("{9A19103F-16F7-4668-BE54-9A1E7A4F7556}") = "WeSafe.DAL", "WeSafe.DAL\WeSafe.DAL.csproj", "{60F8DFC4-04B2-4095-9F6D-9B6A3E08B3CB}"
EndProject
Project("{9A19103F-16F7-4668-BE54-9A1E7A4F7556}") = "WeSafe.Web", "WeSafe.Web\WeSafe.Web.csproj", "{4FCB7EA8-B695-4181-B7F3-671B61ACFA3A}"
EndProject
Project("{9A19103F-16F7-4668-BE54-9A1E7A4F7556}") = "WeSafe.Services.Client", "WeSafe.Services.Client\WeSafe.Services.Client.csproj", "{1EFA3744-F162-4818-B94E-496E88BAAF87}"
EndProject
Project("{9A19103F-16F7-4668-BE54-9A1E7A4F7556}") = "WeSafe.Services", "WeSafe.Services\WeSafe.Services.csproj", "{4B1567FA-9DFC-455C-AF4A-2E6D138E431A}"
EndProject
Project("{9A19103F-16F7-4668-BE54-9A1E7A4F7556}") = "WeSafe.IntegrationTests", "WeSafe.IntegrationTests\WeSafe.IntegrationTests.csproj", "{17537B19-4927-4972-987F-DA91B356EBC5}"
EndProject
Project("{9A19103F-16F7-4668-BE54-9A1E7A4F7556}") = "WeSafe.TelegramBot.NetCore", "WeSafe.TelegramBot.Console\WeSafe.TelegramBot.NetCore.csproj", "{EAEC1866-1B4A-40E8-8624-1BA652842B19}"
EndProject
Project("{9A19103F-16F7-4668-BE54-9A1E7A4F7556}") = "WeSafe.TelegramBot.Services", "WeSafe.TelegramBot.Services\WeSafe.TelegramBot.Services.csproj", "{8877FF8D-C728-4B11-82FA-A4886AFC49C5}"
EndProject
Project("{9A19103F-16F7-4668-BE54-9A1E7A4F7556}") = "WeSafe.UnitTests", "WeSafe.UnitTests\WeSafe.UnitTests.csproj", "{494FADE7-D485-4EA9-8F84-1DD9908E5AD8}"
EndProject
Project("{9A19103F-16F7-4668-BE54-9A1E7A4F7556}") = "WeSafe.Shared", "WeSafe.Shared\WeSafe.Shared.csproj", "{B2ED69F1-064C-4D68-B396-4850CC4BE148}"
EndProject
Project("{9A19103F-16F7-4668-BE54-9A1E7A4F7556}") = "WeSafe.Monitoring.Console", "WeSafe.Monitoring.Console\WeSafe.Monitoring.Console.csproj", "{7AA73B95-AE30-42E0-9DB0-4B2BD68D2BF9}"
EndProject
Project("{9A19103F-16F7-4668-BE54-9A1E7A4F7556}") = "WeSafe.Monitoring.Services", "WeSafe.Monitoring.Services\WeSafe.Monitoring.Services.csproj", "{A4FEF3DA-9604-499B-9F50-8340B514686F}"
EndProject
Project("{9A19103F-16F7-4668-BE54-9A1E7A4F7556}") = "WeSafe.Web.Core", "WeSafe.Web.Core\WeSafe.Web.Core.csproj", "{282E4AA1-FEB2-47A9-9251-D90450D40B64}"
EndProject
Project("{9A19103F-16F7-4668-BE54-9A1E7A4F7556}") = "WeSafe.Nano.WebApi", "WeSafe.WebApi.Light\WeSafe.Nano.WebApi.csproj", "{D145B250-77A8-40C4-B821-9077F1BC5CAE}"
EndProject
Project("{2150E333-8FDC-42A3-9474-1A3956D46DE8}") = "WeSafe.Nano", "WeSafe.Nano", "{21A36982-1220-42E2-BC97-20AF4E49955F}"
EndProject
Project("{9A19103F-16F7-4668-BE54-9A1E7A4F7556}") = "WeSafe.Nano.DAL", "WeSafe.Nano.DAL\WeSafe.Nano.DAL.csproj", "{25F981E9-36E9-4AFF-B965-089DE5B9B3BD}"
EndProject
Project("{9A19103F-16F7-4668-BE54-9A1E7A4F7556}") = "WeSafe.Nano.Services", "WeSafe.Nano.Services\WeSafe.Nano.Services.csproj", "{8E510BCF-EBB7-456C-A7D2-1FC6080E8BAA}"
EndProject
Project("{2150E333-8FDC-42A3-9474-1A3956D46DE8}") = "DAL", "DAL", "{78C77C2A-919C-4E64-A316-9A745657720B}"
EndProject
Project("{2150E333-8FDC-42A3-9474-1A3956D46DE8}") = "WeSafe.Dashboard", "WeSafe.Dashboard", "{F59FDBF1-8050-4E0B-856C-DEDFDE55CE50}"
EndProject
Project("{9A19103F-16F7-4668-BE54-9A1E7A4F7556}") = "WeSafe.Dashboard.WebApi", "WeSafe.Dashboard.WebApi\WeSafe.Dashboard.WebApi.csproj", "{3FC377C5-EF44-4029-BCFA-BEB138B98E86}"
EndProject
Project("{9A19103F-16F7-4668-BE54-9A1E7A4F7556}") = "WeSafe.Web.Common", "WeSafe.Web.Common\WeSafe.Web.Common.csproj", "{CE8C80C2-CD4E-4714-8F4D-97E6135A5B01}"
EndProject
Project("{2150E333-8FDC-42A3-9474-1A3956D46DE8}") = "WeSafe.Authentication", "WeSafe.Authentication", "{FAC3DD3B-1AAE-4877-B168-374076A09D2F}"
EndProject
Project("{9A19103F-16F7-4668-BE54-9A1E7A4F7556}") = "WeSafe.Authentication.WebApi", "WeSafe.Authentication.WebApi\WeSafe.Authentication.WebApi.csproj", "{83313ED0-7F56-4223-AB68-68EF2AEAD78C}"
EndProject
Project("{9A19103F-16F7-4668-BE54-9A1E7A4F7556}") = "WeSafe.Authentication.Integration.Tests", "WeSafe.Authentication.Integration.Tests\WeSafe.Authentication.Integration.Tests.csproj", "{43620095-6930-41C8-B64E-5017DAECDB8E}"
EndProject
Project("{9A19103F-16F7-4668-BE54-9A1E7A4F7556}") = "WeSafe.Authentication.Unit.Tests", "WeSafe.Authentication.Unit.Tests\WeSafe.Authentication.Unit.Tests.csproj", "{2D4E0018-FCAD-450E-BAA2-8A8AB4041B88}"
EndProject
Project("{9A19103F-16F7-4668-BE54-9A1E7A4F7556}") = "WeSafe.Dashboard.Integration.Tests", "WeSafe.Dashboard.Integration.Tests\WeSafe.Dashboard.Integration.Tests.csproj", "{E66A89FC-4491-408F-85B8-4192AF085DAC}"
EndProject
Project("{9A19103F-16F7-4668-BE54-9A1E7A4F7556}") = "WeSafe.Nano.Services.Abstraction", "WeSafe.Nano.Services.Abstraction\WeSafe.Nano.Services.Abstraction.csproj", "{AE824D01-7E22-48D0-8F3B-7EBB12786743}"
EndProject
Project("{9A19103F-16F7-4668-BE54-9A1E7A4F7556}") = "WeSafe.Dashboard.Unit.Tests", "WeSafe.Dashboard.Unit.Tests\WeSafe.Dashboard.Unit.Tests.csproj", "{549E0DA6-FFFA-4D20-B480-951820C4E723}"
EndProject
Project("{2150E333-8FDC-42A3-9474-1A3956D46DE8}") = "WeSafe.Bus", "WeSafe.Bus", "{ADA8499D-D1F6-4F1B-9940-D1E4C5E436C5}"
EndProject
Project("{9A19103F-16F7-4668-BE54-9A1E7A4F7556}") = "WeSafe.Bus.Contracts", "WeSafe.Bus.Contracts\WeSafe.Bus.Contracts.csproj", "{EBEF69CA-3671-4C69-82B5-6BED0E7AD812}"
EndProject
Project("{9A19103F-16F7-4668-BE54-9A1E7A4F7556}") = "WeSafe.Bus.Components", "WeSafe.Bus.Components\WeSafe.Bus.Components.csproj", "{F58B2F90-51A7-4E51-95A0-66D85DF3D201}"
EndProject
Project("{E53339B2-1760-4266-BCC7-CA923CBCF16C}") = "docker-compose", "docker-compose.dcproj", "{E651472A-AE8F-4AF8-891D-4023C163C3BF}"
EndProject
Project("{2150E333-8FDC-42A3-9474-1A3956D46DE8}") = "WeSafe.Logger", "WeSafe.Logger", "{7F2F7C61-7A22-4F79-AAE5-CCC030CA3C7C}"
EndProject
Project("{9A19103F-16F7-4668-BE54-9A1E7A4F7556}") = "WeSafe.Logger.Abstraction", "Wesafe.Logger.Abstraction\WeSafe.Logger.Abstraction.csproj", "{38DD5872-8DEE-43F5-A6D9-8DBA42FB2244}"
EndProject
Project("{9A19103F-16F7-4668-BE54-9A1E7A4F7556}") = "WeSafe.Logger.MongoDbStorage", "WeSafe.Logger.MongoDbStorage\WeSafe.Logger.MongoDbStorage.csproj", "{C944D58A-B409-4251-942B-D2AD5C90831A}"
EndProject
Project("{9A19103F-16F7-4668-BE54-9A1E7A4F7556}") = "WeSafe.Logger.Unit.Tests", "WeSafe.Logger.Unit.Tests\WeSafe.Logger.Unit.Tests.csproj", "{2E04E69D-E7B8-40DB-B199-C6AFC7FF510F}"
EndProject
Project("{9A19103F-16F7-4668-BE54-9A1E7A4F7556}") = "WeSafe.Logger.WebApi", "WeSafe.Logger.WebApi\WeSafe.Logger.WebApi.csproj", "{F90594F0-0E64-476E-80E7-B4A58D819303}"
EndProject
Project("{2150E333-8FDC-42A3-9474-1A3956D46DE8}") = "WeSafe.Event", "WeSafe.Event", "{A12BD47A-4C65-4DF8-AD33-2F15FF697799}"
EndProject
Project("{9A19103F-16F7-4668-BE54-9A1E7A4F7556}") = "WeSafe.Event.WebApi", "WeSafe.Event.WebApi\WeSafe.Event.WebApi.csproj", "{6D41F5EF-95CD-4D40-8D5E-0D4910EEF261}"
EndProject
Project("{9A19103F-16F7-4668-BE54-9A1E7A4F7556}") = "WeSafe.Event.Unit.Tests", "WeSafe.Event.Unit.Tests\WeSafe.Event.Unit.Tests.csproj", "{CA860EBD-F230-4999-9C52-26FBCF2F230D}"
EndProject
Project("{9A19103F-16F7-4668-BE54-9A1E7A4F7556}") = "WeSafe.Event.Integration.Tests", "WeSafe.Event.Integration.Tests\WeSafe.Event.Integration.Tests.csproj", "{2BB64F24-2709-4A0D-B8AB-514C546E17BE}"
EndProject
Project("{9A19103F-16F7-4668-BE54-9A1E7A4F7556}") = "WeSafe.Web.Common.Unit.Tests", "WeSafe.Web.Common.Unit.Tests\WeSafe.Web.Common.Unit.Tests.csproj", "{0DD1FE1C-A493-44EE-966D-18E2D7BA11D4}"
EndProject
Global
	GlobalSection(SolutionConfigurationPlatforms) = preSolution
		Debug|Any CPU = Debug|Any CPU
		Release|Any CPU = Release|Any CPU
	EndGlobalSection
	GlobalSection(ProjectConfigurationPlatforms) = postSolution
		{B7CF9909-8F02-463C-9A07-5ECE64C954F7}.Debug|Any CPU.ActiveCfg = Debug|Any CPU
		{B7CF9909-8F02-463C-9A07-5ECE64C954F7}.Debug|Any CPU.Build.0 = Debug|Any CPU
		{B7CF9909-8F02-463C-9A07-5ECE64C954F7}.Release|Any CPU.ActiveCfg = Release|Any CPU
		{B7CF9909-8F02-463C-9A07-5ECE64C954F7}.Release|Any CPU.Build.0 = Release|Any CPU
		{60F8DFC4-04B2-4095-9F6D-9B6A3E08B3CB}.Debug|Any CPU.ActiveCfg = Debug|Any CPU
		{60F8DFC4-04B2-4095-9F6D-9B6A3E08B3CB}.Debug|Any CPU.Build.0 = Debug|Any CPU
		{60F8DFC4-04B2-4095-9F6D-9B6A3E08B3CB}.Release|Any CPU.ActiveCfg = Release|Any CPU
		{60F8DFC4-04B2-4095-9F6D-9B6A3E08B3CB}.Release|Any CPU.Build.0 = Release|Any CPU
		{4FCB7EA8-B695-4181-B7F3-671B61ACFA3A}.Debug|Any CPU.ActiveCfg = Debug|Any CPU
		{4FCB7EA8-B695-4181-B7F3-671B61ACFA3A}.Debug|Any CPU.Build.0 = Debug|Any CPU
		{4FCB7EA8-B695-4181-B7F3-671B61ACFA3A}.Release|Any CPU.ActiveCfg = Release|Any CPU
		{4FCB7EA8-B695-4181-B7F3-671B61ACFA3A}.Release|Any CPU.Build.0 = Release|Any CPU
		{1EFA3744-F162-4818-B94E-496E88BAAF87}.Debug|Any CPU.ActiveCfg = Debug|Any CPU
		{1EFA3744-F162-4818-B94E-496E88BAAF87}.Debug|Any CPU.Build.0 = Debug|Any CPU
		{1EFA3744-F162-4818-B94E-496E88BAAF87}.Release|Any CPU.ActiveCfg = Release|Any CPU
		{1EFA3744-F162-4818-B94E-496E88BAAF87}.Release|Any CPU.Build.0 = Release|Any CPU
		{4B1567FA-9DFC-455C-AF4A-2E6D138E431A}.Debug|Any CPU.ActiveCfg = Debug|Any CPU
		{4B1567FA-9DFC-455C-AF4A-2E6D138E431A}.Debug|Any CPU.Build.0 = Debug|Any CPU
		{4B1567FA-9DFC-455C-AF4A-2E6D138E431A}.Release|Any CPU.ActiveCfg = Release|Any CPU
		{4B1567FA-9DFC-455C-AF4A-2E6D138E431A}.Release|Any CPU.Build.0 = Release|Any CPU
		{17537B19-4927-4972-987F-DA91B356EBC5}.Debug|Any CPU.ActiveCfg = Debug|Any CPU
		{17537B19-4927-4972-987F-DA91B356EBC5}.Debug|Any CPU.Build.0 = Debug|Any CPU
		{17537B19-4927-4972-987F-DA91B356EBC5}.Release|Any CPU.ActiveCfg = Release|Any CPU
		{17537B19-4927-4972-987F-DA91B356EBC5}.Release|Any CPU.Build.0 = Release|Any CPU
		{EAEC1866-1B4A-40E8-8624-1BA652842B19}.Debug|Any CPU.ActiveCfg = Debug|Any CPU
		{EAEC1866-1B4A-40E8-8624-1BA652842B19}.Debug|Any CPU.Build.0 = Debug|Any CPU
		{EAEC1866-1B4A-40E8-8624-1BA652842B19}.Release|Any CPU.ActiveCfg = Release|Any CPU
		{EAEC1866-1B4A-40E8-8624-1BA652842B19}.Release|Any CPU.Build.0 = Release|Any CPU
		{8877FF8D-C728-4B11-82FA-A4886AFC49C5}.Debug|Any CPU.ActiveCfg = Debug|Any CPU
		{8877FF8D-C728-4B11-82FA-A4886AFC49C5}.Debug|Any CPU.Build.0 = Debug|Any CPU
		{8877FF8D-C728-4B11-82FA-A4886AFC49C5}.Release|Any CPU.ActiveCfg = Release|Any CPU
		{8877FF8D-C728-4B11-82FA-A4886AFC49C5}.Release|Any CPU.Build.0 = Release|Any CPU
		{494FADE7-D485-4EA9-8F84-1DD9908E5AD8}.Debug|Any CPU.ActiveCfg = Debug|Any CPU
		{494FADE7-D485-4EA9-8F84-1DD9908E5AD8}.Debug|Any CPU.Build.0 = Debug|Any CPU
		{494FADE7-D485-4EA9-8F84-1DD9908E5AD8}.Release|Any CPU.ActiveCfg = Release|Any CPU
		{494FADE7-D485-4EA9-8F84-1DD9908E5AD8}.Release|Any CPU.Build.0 = Release|Any CPU
		{B2ED69F1-064C-4D68-B396-4850CC4BE148}.Debug|Any CPU.ActiveCfg = Debug|Any CPU
		{B2ED69F1-064C-4D68-B396-4850CC4BE148}.Debug|Any CPU.Build.0 = Debug|Any CPU
		{B2ED69F1-064C-4D68-B396-4850CC4BE148}.Release|Any CPU.ActiveCfg = Release|Any CPU
		{B2ED69F1-064C-4D68-B396-4850CC4BE148}.Release|Any CPU.Build.0 = Release|Any CPU
		{7AA73B95-AE30-42E0-9DB0-4B2BD68D2BF9}.Debug|Any CPU.ActiveCfg = Debug|Any CPU
		{7AA73B95-AE30-42E0-9DB0-4B2BD68D2BF9}.Debug|Any CPU.Build.0 = Debug|Any CPU
		{7AA73B95-AE30-42E0-9DB0-4B2BD68D2BF9}.Release|Any CPU.ActiveCfg = Release|Any CPU
		{7AA73B95-AE30-42E0-9DB0-4B2BD68D2BF9}.Release|Any CPU.Build.0 = Release|Any CPU
		{A4FEF3DA-9604-499B-9F50-8340B514686F}.Debug|Any CPU.ActiveCfg = Debug|Any CPU
		{A4FEF3DA-9604-499B-9F50-8340B514686F}.Debug|Any CPU.Build.0 = Debug|Any CPU
		{A4FEF3DA-9604-499B-9F50-8340B514686F}.Release|Any CPU.ActiveCfg = Release|Any CPU
		{A4FEF3DA-9604-499B-9F50-8340B514686F}.Release|Any CPU.Build.0 = Release|Any CPU
		{282E4AA1-FEB2-47A9-9251-D90450D40B64}.Debug|Any CPU.ActiveCfg = Debug|Any CPU
		{282E4AA1-FEB2-47A9-9251-D90450D40B64}.Debug|Any CPU.Build.0 = Debug|Any CPU
		{282E4AA1-FEB2-47A9-9251-D90450D40B64}.Release|Any CPU.ActiveCfg = Release|Any CPU
		{282E4AA1-FEB2-47A9-9251-D90450D40B64}.Release|Any CPU.Build.0 = Release|Any CPU
		{D145B250-77A8-40C4-B821-9077F1BC5CAE}.Debug|Any CPU.ActiveCfg = Debug|Any CPU
		{D145B250-77A8-40C4-B821-9077F1BC5CAE}.Debug|Any CPU.Build.0 = Debug|Any CPU
		{D145B250-77A8-40C4-B821-9077F1BC5CAE}.Release|Any CPU.ActiveCfg = Release|Any CPU
		{D145B250-77A8-40C4-B821-9077F1BC5CAE}.Release|Any CPU.Build.0 = Release|Any CPU
		{25F981E9-36E9-4AFF-B965-089DE5B9B3BD}.Debug|Any CPU.ActiveCfg = Debug|Any CPU
		{25F981E9-36E9-4AFF-B965-089DE5B9B3BD}.Debug|Any CPU.Build.0 = Debug|Any CPU
		{25F981E9-36E9-4AFF-B965-089DE5B9B3BD}.Release|Any CPU.ActiveCfg = Release|Any CPU
		{25F981E9-36E9-4AFF-B965-089DE5B9B3BD}.Release|Any CPU.Build.0 = Release|Any CPU
		{8E510BCF-EBB7-456C-A7D2-1FC6080E8BAA}.Debug|Any CPU.ActiveCfg = Debug|Any CPU
		{8E510BCF-EBB7-456C-A7D2-1FC6080E8BAA}.Debug|Any CPU.Build.0 = Debug|Any CPU
		{8E510BCF-EBB7-456C-A7D2-1FC6080E8BAA}.Release|Any CPU.ActiveCfg = Release|Any CPU
		{8E510BCF-EBB7-456C-A7D2-1FC6080E8BAA}.Release|Any CPU.Build.0 = Release|Any CPU
		{3FC377C5-EF44-4029-BCFA-BEB138B98E86}.Debug|Any CPU.ActiveCfg = Debug|Any CPU
		{3FC377C5-EF44-4029-BCFA-BEB138B98E86}.Debug|Any CPU.Build.0 = Debug|Any CPU
		{3FC377C5-EF44-4029-BCFA-BEB138B98E86}.Release|Any CPU.ActiveCfg = Release|Any CPU
		{3FC377C5-EF44-4029-BCFA-BEB138B98E86}.Release|Any CPU.Build.0 = Release|Any CPU
		{CE8C80C2-CD4E-4714-8F4D-97E6135A5B01}.Debug|Any CPU.ActiveCfg = Debug|Any CPU
		{CE8C80C2-CD4E-4714-8F4D-97E6135A5B01}.Debug|Any CPU.Build.0 = Debug|Any CPU
		{CE8C80C2-CD4E-4714-8F4D-97E6135A5B01}.Release|Any CPU.ActiveCfg = Release|Any CPU
		{CE8C80C2-CD4E-4714-8F4D-97E6135A5B01}.Release|Any CPU.Build.0 = Release|Any CPU
		{83313ED0-7F56-4223-AB68-68EF2AEAD78C}.Debug|Any CPU.ActiveCfg = Debug|Any CPU
		{83313ED0-7F56-4223-AB68-68EF2AEAD78C}.Debug|Any CPU.Build.0 = Debug|Any CPU
		{83313ED0-7F56-4223-AB68-68EF2AEAD78C}.Release|Any CPU.ActiveCfg = Release|Any CPU
		{83313ED0-7F56-4223-AB68-68EF2AEAD78C}.Release|Any CPU.Build.0 = Release|Any CPU
		{43620095-6930-41C8-B64E-5017DAECDB8E}.Debug|Any CPU.ActiveCfg = Debug|Any CPU
		{43620095-6930-41C8-B64E-5017DAECDB8E}.Debug|Any CPU.Build.0 = Debug|Any CPU
		{43620095-6930-41C8-B64E-5017DAECDB8E}.Release|Any CPU.ActiveCfg = Release|Any CPU
		{43620095-6930-41C8-B64E-5017DAECDB8E}.Release|Any CPU.Build.0 = Release|Any CPU
		{2D4E0018-FCAD-450E-BAA2-8A8AB4041B88}.Debug|Any CPU.ActiveCfg = Debug|Any CPU
		{2D4E0018-FCAD-450E-BAA2-8A8AB4041B88}.Debug|Any CPU.Build.0 = Debug|Any CPU
		{2D4E0018-FCAD-450E-BAA2-8A8AB4041B88}.Release|Any CPU.ActiveCfg = Release|Any CPU
		{2D4E0018-FCAD-450E-BAA2-8A8AB4041B88}.Release|Any CPU.Build.0 = Release|Any CPU
		{E66A89FC-4491-408F-85B8-4192AF085DAC}.Debug|Any CPU.ActiveCfg = Debug|Any CPU
		{E66A89FC-4491-408F-85B8-4192AF085DAC}.Debug|Any CPU.Build.0 = Debug|Any CPU
		{E66A89FC-4491-408F-85B8-4192AF085DAC}.Release|Any CPU.ActiveCfg = Release|Any CPU
		{E66A89FC-4491-408F-85B8-4192AF085DAC}.Release|Any CPU.Build.0 = Release|Any CPU
		{AE824D01-7E22-48D0-8F3B-7EBB12786743}.Debug|Any CPU.ActiveCfg = Debug|Any CPU
		{AE824D01-7E22-48D0-8F3B-7EBB12786743}.Debug|Any CPU.Build.0 = Debug|Any CPU
		{AE824D01-7E22-48D0-8F3B-7EBB12786743}.Release|Any CPU.ActiveCfg = Release|Any CPU
		{AE824D01-7E22-48D0-8F3B-7EBB12786743}.Release|Any CPU.Build.0 = Release|Any CPU
		{549E0DA6-FFFA-4D20-B480-951820C4E723}.Debug|Any CPU.ActiveCfg = Debug|Any CPU
		{549E0DA6-FFFA-4D20-B480-951820C4E723}.Debug|Any CPU.Build.0 = Debug|Any CPU
		{549E0DA6-FFFA-4D20-B480-951820C4E723}.Release|Any CPU.ActiveCfg = Release|Any CPU
		{549E0DA6-FFFA-4D20-B480-951820C4E723}.Release|Any CPU.Build.0 = Release|Any CPU
		{EBEF69CA-3671-4C69-82B5-6BED0E7AD812}.Debug|Any CPU.ActiveCfg = Debug|Any CPU
		{EBEF69CA-3671-4C69-82B5-6BED0E7AD812}.Debug|Any CPU.Build.0 = Debug|Any CPU
		{EBEF69CA-3671-4C69-82B5-6BED0E7AD812}.Release|Any CPU.ActiveCfg = Release|Any CPU
		{EBEF69CA-3671-4C69-82B5-6BED0E7AD812}.Release|Any CPU.Build.0 = Release|Any CPU
		{F58B2F90-51A7-4E51-95A0-66D85DF3D201}.Debug|Any CPU.ActiveCfg = Debug|Any CPU
		{F58B2F90-51A7-4E51-95A0-66D85DF3D201}.Debug|Any CPU.Build.0 = Debug|Any CPU
		{F58B2F90-51A7-4E51-95A0-66D85DF3D201}.Release|Any CPU.ActiveCfg = Release|Any CPU
		{F58B2F90-51A7-4E51-95A0-66D85DF3D201}.Release|Any CPU.Build.0 = Release|Any CPU
		{E651472A-AE8F-4AF8-891D-4023C163C3BF}.Debug|Any CPU.ActiveCfg = Debug|Any CPU
		{E651472A-AE8F-4AF8-891D-4023C163C3BF}.Debug|Any CPU.Build.0 = Debug|Any CPU
		{E651472A-AE8F-4AF8-891D-4023C163C3BF}.Release|Any CPU.ActiveCfg = Release|Any CPU
		{E651472A-AE8F-4AF8-891D-4023C163C3BF}.Release|Any CPU.Build.0 = Release|Any CPU
		{38DD5872-8DEE-43F5-A6D9-8DBA42FB2244}.Debug|Any CPU.ActiveCfg = Debug|Any CPU
		{38DD5872-8DEE-43F5-A6D9-8DBA42FB2244}.Debug|Any CPU.Build.0 = Debug|Any CPU
		{38DD5872-8DEE-43F5-A6D9-8DBA42FB2244}.Release|Any CPU.ActiveCfg = Release|Any CPU
		{38DD5872-8DEE-43F5-A6D9-8DBA42FB2244}.Release|Any CPU.Build.0 = Release|Any CPU
		{C944D58A-B409-4251-942B-D2AD5C90831A}.Debug|Any CPU.ActiveCfg = Debug|Any CPU
		{C944D58A-B409-4251-942B-D2AD5C90831A}.Debug|Any CPU.Build.0 = Debug|Any CPU
		{C944D58A-B409-4251-942B-D2AD5C90831A}.Release|Any CPU.ActiveCfg = Release|Any CPU
		{C944D58A-B409-4251-942B-D2AD5C90831A}.Release|Any CPU.Build.0 = Release|Any CPU
		{2E04E69D-E7B8-40DB-B199-C6AFC7FF510F}.Debug|Any CPU.ActiveCfg = Debug|Any CPU
		{2E04E69D-E7B8-40DB-B199-C6AFC7FF510F}.Debug|Any CPU.Build.0 = Debug|Any CPU
		{2E04E69D-E7B8-40DB-B199-C6AFC7FF510F}.Release|Any CPU.ActiveCfg = Release|Any CPU
		{2E04E69D-E7B8-40DB-B199-C6AFC7FF510F}.Release|Any CPU.Build.0 = Release|Any CPU
		{F90594F0-0E64-476E-80E7-B4A58D819303}.Debug|Any CPU.ActiveCfg = Debug|Any CPU
		{F90594F0-0E64-476E-80E7-B4A58D819303}.Debug|Any CPU.Build.0 = Debug|Any CPU
		{F90594F0-0E64-476E-80E7-B4A58D819303}.Release|Any CPU.ActiveCfg = Release|Any CPU
		{F90594F0-0E64-476E-80E7-B4A58D819303}.Release|Any CPU.Build.0 = Release|Any CPU
		{6D41F5EF-95CD-4D40-8D5E-0D4910EEF261}.Debug|Any CPU.ActiveCfg = Debug|Any CPU
		{6D41F5EF-95CD-4D40-8D5E-0D4910EEF261}.Debug|Any CPU.Build.0 = Debug|Any CPU
		{6D41F5EF-95CD-4D40-8D5E-0D4910EEF261}.Release|Any CPU.ActiveCfg = Release|Any CPU
		{6D41F5EF-95CD-4D40-8D5E-0D4910EEF261}.Release|Any CPU.Build.0 = Release|Any CPU
		{CA860EBD-F230-4999-9C52-26FBCF2F230D}.Debug|Any CPU.ActiveCfg = Debug|Any CPU
		{CA860EBD-F230-4999-9C52-26FBCF2F230D}.Debug|Any CPU.Build.0 = Debug|Any CPU
		{CA860EBD-F230-4999-9C52-26FBCF2F230D}.Release|Any CPU.ActiveCfg = Release|Any CPU
		{CA860EBD-F230-4999-9C52-26FBCF2F230D}.Release|Any CPU.Build.0 = Release|Any CPU
		{2BB64F24-2709-4A0D-B8AB-514C546E17BE}.Debug|Any CPU.ActiveCfg = Debug|Any CPU
		{2BB64F24-2709-4A0D-B8AB-514C546E17BE}.Debug|Any CPU.Build.0 = Debug|Any CPU
		{2BB64F24-2709-4A0D-B8AB-514C546E17BE}.Release|Any CPU.ActiveCfg = Release|Any CPU
		{2BB64F24-2709-4A0D-B8AB-514C546E17BE}.Release|Any CPU.Build.0 = Release|Any CPU
		{0DD1FE1C-A493-44EE-966D-18E2D7BA11D4}.Debug|Any CPU.ActiveCfg = Debug|Any CPU
		{0DD1FE1C-A493-44EE-966D-18E2D7BA11D4}.Debug|Any CPU.Build.0 = Debug|Any CPU
		{0DD1FE1C-A493-44EE-966D-18E2D7BA11D4}.Release|Any CPU.ActiveCfg = Release|Any CPU
		{0DD1FE1C-A493-44EE-966D-18E2D7BA11D4}.Release|Any CPU.Build.0 = Release|Any CPU
	EndGlobalSection
	GlobalSection(SolutionProperties) = preSolution
		HideSolutionNode = FALSE
	EndGlobalSection
	GlobalSection(NestedProjects) = preSolution
		{B7CF9909-8F02-463C-9A07-5ECE64C954F7} = {78C77C2A-919C-4E64-A316-9A745657720B}
		{60F8DFC4-04B2-4095-9F6D-9B6A3E08B3CB} = {78C77C2A-919C-4E64-A316-9A745657720B}
		{D145B250-77A8-40C4-B821-9077F1BC5CAE} = {21A36982-1220-42E2-BC97-20AF4E49955F}
		{25F981E9-36E9-4AFF-B965-089DE5B9B3BD} = {21A36982-1220-42E2-BC97-20AF4E49955F}
		{8E510BCF-EBB7-456C-A7D2-1FC6080E8BAA} = {21A36982-1220-42E2-BC97-20AF4E49955F}
		{3FC377C5-EF44-4029-BCFA-BEB138B98E86} = {F59FDBF1-8050-4E0B-856C-DEDFDE55CE50}
		{CE8C80C2-CD4E-4714-8F4D-97E6135A5B01} = {F59FDBF1-8050-4E0B-856C-DEDFDE55CE50}
		{83313ED0-7F56-4223-AB68-68EF2AEAD78C} = {FAC3DD3B-1AAE-4877-B168-374076A09D2F}
		{43620095-6930-41C8-B64E-5017DAECDB8E} = {FAC3DD3B-1AAE-4877-B168-374076A09D2F}
		{2D4E0018-FCAD-450E-BAA2-8A8AB4041B88} = {FAC3DD3B-1AAE-4877-B168-374076A09D2F}
		{E66A89FC-4491-408F-85B8-4192AF085DAC} = {F59FDBF1-8050-4E0B-856C-DEDFDE55CE50}
		{AE824D01-7E22-48D0-8F3B-7EBB12786743} = {21A36982-1220-42E2-BC97-20AF4E49955F}
		{549E0DA6-FFFA-4D20-B480-951820C4E723} = {F59FDBF1-8050-4E0B-856C-DEDFDE55CE50}
		{EBEF69CA-3671-4C69-82B5-6BED0E7AD812} = {ADA8499D-D1F6-4F1B-9940-D1E4C5E436C5}
		{F58B2F90-51A7-4E51-95A0-66D85DF3D201} = {ADA8499D-D1F6-4F1B-9940-D1E4C5E436C5}
		{38DD5872-8DEE-43F5-A6D9-8DBA42FB2244} = {7F2F7C61-7A22-4F79-AAE5-CCC030CA3C7C}
		{C944D58A-B409-4251-942B-D2AD5C90831A} = {7F2F7C61-7A22-4F79-AAE5-CCC030CA3C7C}
		{2E04E69D-E7B8-40DB-B199-C6AFC7FF510F} = {7F2F7C61-7A22-4F79-AAE5-CCC030CA3C7C}
		{F90594F0-0E64-476E-80E7-B4A58D819303} = {7F2F7C61-7A22-4F79-AAE5-CCC030CA3C7C}
		{6D41F5EF-95CD-4D40-8D5E-0D4910EEF261} = {A12BD47A-4C65-4DF8-AD33-2F15FF697799}
		{CA860EBD-F230-4999-9C52-26FBCF2F230D} = {A12BD47A-4C65-4DF8-AD33-2F15FF697799}
		{2BB64F24-2709-4A0D-B8AB-514C546E17BE} = {A12BD47A-4C65-4DF8-AD33-2F15FF697799}
		{0DD1FE1C-A493-44EE-966D-18E2D7BA11D4} = {F59FDBF1-8050-4E0B-856C-DEDFDE55CE50}
	EndGlobalSection
	GlobalSection(ExtensibilityGlobals) = postSolution
		SolutionGuid = {8B23D52C-DF53-4911-BF09-5F4C560A5D14}
	EndGlobalSection
EndGlobal
